
Microsoft Visual Studio Solution File, Format Version 12.00
# Visual Studio Version 17
VisualStudioVersion = 17.8.34330.188
MinimumVisualStudioVersion = 10.0.40219.1
Project("{9A19103F-16F7-4668-BE54-9A1E7A4F7556}") = "das-earlyconnect-web", "das-earlyconnect-web\das-earlyconnect-web.csproj", "{69AAFA1F-A210-4D81-85D0-90E4401A36EA}"
EndProject
Global
	GlobalSection(SolutionConfigurationPlatforms) = preSolution
		Debug|Any CPU = Debug|Any CPU
		Release|Any CPU = Release|Any CPU
	EndGlobalSection
	GlobalSection(ProjectConfigurationPlatforms) = postSolution
		{69AAFA1F-A210-4D81-85D0-90E4401A36EA}.Debug|Any CPU.ActiveCfg = Debug|Any CPU
		{69AAFA1F-A210-4D81-85D0-90E4401A36EA}.Debug|Any CPU.Build.0 = Debug|Any CPU
		{69AAFA1F-A210-4D81-85D0-90E4401A36EA}.Release|Any CPU.ActiveCfg = Release|Any CPU
		{69AAFA1F-A210-4D81-85D0-90E4401A36EA}.Release|Any CPU.Build.0 = Release|Any CPU
	EndGlobalSection
	GlobalSection(SolutionProperties) = preSolution
		HideSolutionNode = FALSE
	EndGlobalSection
	GlobalSection(ExtensibilityGlobals) = postSolution
		SolutionGuid = {58945AA0-00FC-4E22-80D6-BC724AF0DDCF}
	EndGlobalSection
EndGlobal
